
Microsoft Visual Studio Solution File, Format Version 12.00
# Visual Studio Version 17
VisualStudioVersion = 17.8.34330.188
MinimumVisualStudioVersion = 10.0.40219.1
Project("{9A19103F-16F7-4668-BE54-9A1E7A4F7556}") = "TracklyApi", "TracklyApi.csproj", "{6B1A4AD0-E2E2-4E9C-B98B-A675BA86E42F}"
EndProject
Global
	GlobalSection(SolutionConfigurationPlatforms) = preSolution
		Debug|Any CPU = Debug|Any CPU
		Release|Any CPU = Release|Any CPU
	EndGlobalSection
	GlobalSection(ProjectConfigurationPlatforms) = postSolution
		{6B1A4AD0-E2E2-4E9C-B98B-A675BA86E42F}.Debug|Any CPU.ActiveCfg = Debug|Any CPU
		{6B1A4AD0-E2E2-4E9C-B98B-A675BA86E42F}.Debug|Any CPU.Build.0 = Debug|Any CPU
		{6B1A4AD0-E2E2-4E9C-B98B-A675BA86E42F}.Release|Any CPU.ActiveCfg = Release|Any CPU
		{6B1A4AD0-E2E2-4E9C-B98B-A675BA86E42F}.Release|Any CPU.Build.0 = Release|Any CPU
	EndGlobalSection
	GlobalSection(SolutionProperties) = preSolution
		HideSolutionNode = FALSE
	EndGlobalSection
	GlobalSection(ExtensibilityGlobals) = postSolution
		SolutionGuid = {17C98FAA-8550-42C0-8030-EFA8E314C731}
	EndGlobalSection
EndGlobal
